
Microsoft Visual Studio Solution File, Format Version 12.00
# Visual Studio 15
VisualStudioVersion = 15.0.28307.757
MinimumVisualStudioVersion = 10.0.40219.1
Project("{FAE04EC0-301F-11D3-BF4B-00C04F79EFBC}") = "BudgetMates.Android", "BudgetMates\BudgetMates.Android\BudgetMates.Android.csproj", "{CEE22FCD-770A-480F-85B1-3C50B05B1918}"
EndProject
Project("{FAE04EC0-301F-11D3-BF4B-00C04F79EFBC}") = "BudgetMates.iOS", "BudgetMates\BudgetMates.iOS\BudgetMates.iOS.csproj", "{00160CD7-8053-4396-830B-3027BC74492B}"
EndProject
Project("{FAE04EC0-301F-11D3-BF4B-00C04F79EFBC}") = "BudgetMates.UWP", "BudgetMates\BudgetMates.UWP\BudgetMates.UWP.csproj", "{A3792935-FA86-4524-9B13-D3C22599FDB8}"
EndProject
Project("{FAE04EC0-301F-11D3-BF4B-00C04F79EFBC}") = "BudgetMates", "BudgetMates\BudgetMates\BudgetMates.csproj", "{A57EBAB3-2802-4917-9402-4B433C3775E3}"
EndProject
Global
	GlobalSection(SolutionConfigurationPlatforms) = preSolution
		Ad-Hoc|Any CPU = Ad-Hoc|Any CPU
		Ad-Hoc|ARM = Ad-Hoc|ARM
		Ad-Hoc|iPhone = Ad-Hoc|iPhone
		Ad-Hoc|iPhoneSimulator = Ad-Hoc|iPhoneSimulator
		Ad-Hoc|x64 = Ad-Hoc|x64
		Ad-Hoc|x86 = Ad-Hoc|x86
		AppStore|Any CPU = AppStore|Any CPU
		AppStore|ARM = AppStore|ARM
		AppStore|iPhone = AppStore|iPhone
		AppStore|iPhoneSimulator = AppStore|iPhoneSimulator
		AppStore|x64 = AppStore|x64
		AppStore|x86 = AppStore|x86
		Debug|Any CPU = Debug|Any CPU
		Debug|ARM = Debug|ARM
		Debug|iPhone = Debug|iPhone
		Debug|iPhoneSimulator = Debug|iPhoneSimulator
		Debug|x64 = Debug|x64
		Debug|x86 = Debug|x86
		Release|Any CPU = Release|Any CPU
		Release|ARM = Release|ARM
		Release|iPhone = Release|iPhone
		Release|iPhoneSimulator = Release|iPhoneSimulator
		Release|x64 = Release|x64
		Release|x86 = Release|x86
	EndGlobalSection
	GlobalSection(ProjectConfigurationPlatforms) = postSolution
		{CEE22FCD-770A-480F-85B1-3C50B05B1918}.Ad-Hoc|Any CPU.ActiveCfg = Release|Any CPU
		{CEE22FCD-770A-480F-85B1-3C50B05B1918}.Ad-Hoc|Any CPU.Build.0 = Release|Any CPU
		{CEE22FCD-770A-480F-85B1-3C50B05B1918}.Ad-Hoc|Any CPU.Deploy.0 = Release|Any CPU
		{CEE22FCD-770A-480F-85B1-3C50B05B1918}.Ad-Hoc|ARM.ActiveCfg = Release|Any CPU
		{CEE22FCD-770A-480F-85B1-3C50B05B1918}.Ad-Hoc|ARM.Build.0 = Release|Any CPU
		{CEE22FCD-770A-480F-85B1-3C50B05B1918}.Ad-Hoc|ARM.Deploy.0 = Release|Any CPU
		{CEE22FCD-770A-480F-85B1-3C50B05B1918}.Ad-Hoc|iPhone.ActiveCfg = Release|Any CPU
		{CEE22FCD-770A-480F-85B1-3C50B05B1918}.Ad-Hoc|iPhone.Build.0 = Release|Any CPU
		{CEE22FCD-770A-480F-85B1-3C50B05B1918}.Ad-Hoc|iPhone.Deploy.0 = Release|Any CPU
		{CEE22FCD-770A-480F-85B1-3C50B05B1918}.Ad-Hoc|iPhoneSimulator.ActiveCfg = Release|Any CPU
		{CEE22FCD-770A-480F-85B1-3C50B05B1918}.Ad-Hoc|iPhoneSimulator.Build.0 = Release|Any CPU
		{CEE22FCD-770A-480F-85B1-3C50B05B1918}.Ad-Hoc|iPhoneSimulator.Deploy.0 = Release|Any CPU
		{CEE22FCD-770A-480F-85B1-3C50B05B1918}.Ad-Hoc|x64.ActiveCfg = Release|Any CPU
		{CEE22FCD-770A-480F-85B1-3C50B05B1918}.Ad-Hoc|x64.Build.0 = Release|Any CPU
		{CEE22FCD-770A-480F-85B1-3C50B05B1918}.Ad-Hoc|x64.Deploy.0 = Release|Any CPU
		{CEE22FCD-770A-480F-85B1-3C50B05B1918}.Ad-Hoc|x86.ActiveCfg = Release|Any CPU
		{CEE22FCD-770A-480F-85B1-3C50B05B1918}.Ad-Hoc|x86.Build.0 = Release|Any CPU
		{CEE22FCD-770A-480F-85B1-3C50B05B1918}.Ad-Hoc|x86.Deploy.0 = Release|Any CPU
		{CEE22FCD-770A-480F-85B1-3C50B05B1918}.AppStore|Any CPU.ActiveCfg = Release|Any CPU
		{CEE22FCD-770A-480F-85B1-3C50B05B1918}.AppStore|Any CPU.Build.0 = Release|Any CPU
		{CEE22FCD-770A-480F-85B1-3C50B05B1918}.AppStore|Any CPU.Deploy.0 = Release|Any CPU
		{CEE22FCD-770A-480F-85B1-3C50B05B1918}.AppStore|ARM.ActiveCfg = Release|Any CPU
		{CEE22FCD-770A-480F-85B1-3C50B05B1918}.AppStore|ARM.Build.0 = Release|Any CPU
		{CEE22FCD-770A-480F-85B1-3C50B05B1918}.AppStore|ARM.Deploy.0 = Release|Any CPU
		{CEE22FCD-770A-480F-85B1-3C50B05B1918}.AppStore|iPhone.ActiveCfg = Release|Any CPU
		{CEE22FCD-770A-480F-85B1-3C50B05B1918}.AppStore|iPhone.Build.0 = Release|Any CPU
		{CEE22FCD-770A-480F-85B1-3C50B05B1918}.AppStore|iPhone.Deploy.0 = Release|Any CPU
		{CEE22FCD-770A-480F-85B1-3C50B05B1918}.AppStore|iPhoneSimulator.ActiveCfg = Release|Any CPU
		{CEE22FCD-770A-480F-85B1-3C50B05B1918}.AppStore|iPhoneSimulator.Build.0 = Release|Any CPU
		{CEE22FCD-770A-480F-85B1-3C50B05B1918}.AppStore|iPhoneSimulator.Deploy.0 = Release|Any CPU
		{CEE22FCD-770A-480F-85B1-3C50B05B1918}.AppStore|x64.ActiveCfg = Release|Any CPU
		{CEE22FCD-770A-480F-85B1-3C50B05B1918}.AppStore|x64.Build.0 = Release|Any CPU
		{CEE22FCD-770A-480F-85B1-3C50B05B1918}.AppStore|x64.Deploy.0 = Release|Any CPU
		{CEE22FCD-770A-480F-85B1-3C50B05B1918}.AppStore|x86.ActiveCfg = Release|Any CPU
		{CEE22FCD-770A-480F-85B1-3C50B05B1918}.AppStore|x86.Build.0 = Release|Any CPU
		{CEE22FCD-770A-480F-85B1-3C50B05B1918}.AppStore|x86.Deploy.0 = Release|Any CPU
		{CEE22FCD-770A-480F-85B1-3C50B05B1918}.Debug|Any CPU.ActiveCfg = Debug|Any CPU
		{CEE22FCD-770A-480F-85B1-3C50B05B1918}.Debug|Any CPU.Build.0 = Debug|Any CPU
		{CEE22FCD-770A-480F-85B1-3C50B05B1918}.Debug|Any CPU.Deploy.0 = Debug|Any CPU
		{CEE22FCD-770A-480F-85B1-3C50B05B1918}.Debug|ARM.ActiveCfg = Debug|Any CPU
		{CEE22FCD-770A-480F-85B1-3C50B05B1918}.Debug|ARM.Build.0 = Debug|Any CPU
		{CEE22FCD-770A-480F-85B1-3C50B05B1918}.Debug|ARM.Deploy.0 = Debug|Any CPU
		{CEE22FCD-770A-480F-85B1-3C50B05B1918}.Debug|iPhone.ActiveCfg = Debug|Any CPU
		{CEE22FCD-770A-480F-85B1-3C50B05B1918}.Debug|iPhone.Build.0 = Debug|Any CPU
		{CEE22FCD-770A-480F-85B1-3C50B05B1918}.Debug|iPhone.Deploy.0 = Debug|Any CPU
		{CEE22FCD-770A-480F-85B1-3C50B05B1918}.Debug|iPhoneSimulator.ActiveCfg = Debug|Any CPU
		{CEE22FCD-770A-480F-85B1-3C50B05B1918}.Debug|iPhoneSimulator.Build.0 = Debug|Any CPU
		{CEE22FCD-770A-480F-85B1-3C50B05B1918}.Debug|iPhoneSimulator.Deploy.0 = Debug|Any CPU
		{CEE22FCD-770A-480F-85B1-3C50B05B1918}.Debug|x64.ActiveCfg = Debug|Any CPU
		{CEE22FCD-770A-480F-85B1-3C50B05B1918}.Debug|x64.Build.0 = Debug|Any CPU
		{CEE22FCD-770A-480F-85B1-3C50B05B1918}.Debug|x64.Deploy.0 = Debug|Any CPU
		{CEE22FCD-770A-480F-85B1-3C50B05B1918}.Debug|x86.ActiveCfg = Debug|Any CPU
		{CEE22FCD-770A-480F-85B1-3C50B05B1918}.Debug|x86.Build.0 = Debug|Any CPU
		{CEE22FCD-770A-480F-85B1-3C50B05B1918}.Debug|x86.Deploy.0 = Debug|Any CPU
		{CEE22FCD-770A-480F-85B1-3C50B05B1918}.Release|Any CPU.ActiveCfg = Release|Any CPU
		{CEE22FCD-770A-480F-85B1-3C50B05B1918}.Release|Any CPU.Build.0 = Release|Any CPU
		{CEE22FCD-770A-480F-85B1-3C50B05B1918}.Release|Any CPU.Deploy.0 = Release|Any CPU
		{CEE22FCD-770A-480F-85B1-3C50B05B1918}.Release|ARM.ActiveCfg = Release|Any CPU
		{CEE22FCD-770A-480F-85B1-3C50B05B1918}.Release|ARM.Build.0 = Release|Any CPU
		{CEE22FCD-770A-480F-85B1-3C50B05B1918}.Release|ARM.Deploy.0 = Release|Any CPU
		{CEE22FCD-770A-480F-85B1-3C50B05B1918}.Release|iPhone.ActiveCfg = Release|Any CPU
		{CEE22FCD-770A-480F-85B1-3C50B05B1918}.Release|iPhone.Build.0 = Release|Any CPU
		{CEE22FCD-770A-480F-85B1-3C50B05B1918}.Release|iPhone.Deploy.0 = Release|Any CPU
		{CEE22FCD-770A-480F-85B1-3C50B05B1918}.Release|iPhoneSimulator.ActiveCfg = Release|Any CPU
		{CEE22FCD-770A-480F-85B1-3C50B05B1918}.Release|iPhoneSimulator.Build.0 = Release|Any CPU
		{CEE22FCD-770A-480F-85B1-3C50B05B1918}.Release|iPhoneSimulator.Deploy.0 = Release|Any CPU
		{CEE22FCD-770A-480F-85B1-3C50B05B1918}.Release|x64.ActiveCfg = Release|Any CPU
		{CEE22FCD-770A-480F-85B1-3C50B05B1918}.Release|x64.Build.0 = Release|Any CPU
		{CEE22FCD-770A-480F-85B1-3C50B05B1918}.Release|x64.Deploy.0 = Release|Any CPU
		{CEE22FCD-770A-480F-85B1-3C50B05B1918}.Release|x86.ActiveCfg = Release|Any CPU
		{CEE22FCD-770A-480F-85B1-3C50B05B1918}.Release|x86.Build.0 = Release|Any CPU
		{CEE22FCD-770A-480F-85B1-3C50B05B1918}.Release|x86.Deploy.0 = Release|Any CPU
		{00160CD7-8053-4396-830B-3027BC74492B}.Ad-Hoc|Any CPU.ActiveCfg = Ad-Hoc|iPhone
		{00160CD7-8053-4396-830B-3027BC74492B}.Ad-Hoc|Any CPU.Build.0 = Ad-Hoc|iPhone
		{00160CD7-8053-4396-830B-3027BC74492B}.Ad-Hoc|Any CPU.Deploy.0 = Ad-Hoc|iPhone
		{00160CD7-8053-4396-830B-3027BC74492B}.Ad-Hoc|ARM.ActiveCfg = Ad-Hoc|iPhone
		{00160CD7-8053-4396-830B-3027BC74492B}.Ad-Hoc|ARM.Build.0 = Ad-Hoc|iPhone
		{00160CD7-8053-4396-830B-3027BC74492B}.Ad-Hoc|ARM.Deploy.0 = Ad-Hoc|iPhone
		{00160CD7-8053-4396-830B-3027BC74492B}.Ad-Hoc|iPhone.ActiveCfg = Ad-Hoc|iPhone
		{00160CD7-8053-4396-830B-3027BC74492B}.Ad-Hoc|iPhone.Build.0 = Ad-Hoc|iPhone
		{00160CD7-8053-4396-830B-3027BC74492B}.Ad-Hoc|iPhone.Deploy.0 = Ad-Hoc|iPhone
		{00160CD7-8053-4396-830B-3027BC74492B}.Ad-Hoc|iPhoneSimulator.ActiveCfg = Ad-Hoc|iPhoneSimulator
		{00160CD7-8053-4396-830B-3027BC74492B}.Ad-Hoc|iPhoneSimulator.Build.0 = Ad-Hoc|iPhoneSimulator
		{00160CD7-8053-4396-830B-3027BC74492B}.Ad-Hoc|iPhoneSimulator.Deploy.0 = Ad-Hoc|iPhoneSimulator
		{00160CD7-8053-4396-830B-3027BC74492B}.Ad-Hoc|x64.ActiveCfg = Ad-Hoc|iPhone
		{00160CD7-8053-4396-830B-3027BC74492B}.Ad-Hoc|x64.Build.0 = Ad-Hoc|iPhone
		{00160CD7-8053-4396-830B-3027BC74492B}.Ad-Hoc|x64.Deploy.0 = Ad-Hoc|iPhone
		{00160CD7-8053-4396-830B-3027BC74492B}.Ad-Hoc|x86.ActiveCfg = Ad-Hoc|iPhone
		{00160CD7-8053-4396-830B-3027BC74492B}.Ad-Hoc|x86.Build.0 = Ad-Hoc|iPhone
		{00160CD7-8053-4396-830B-3027BC74492B}.Ad-Hoc|x86.Deploy.0 = Ad-Hoc|iPhone
		{00160CD7-8053-4396-830B-3027BC74492B}.AppStore|Any CPU.ActiveCfg = AppStore|iPhone
		{00160CD7-8053-4396-830B-3027BC74492B}.AppStore|Any CPU.Build.0 = AppStore|iPhone
		{00160CD7-8053-4396-830B-3027BC74492B}.AppStore|Any CPU.Deploy.0 = AppStore|iPhone
		{00160CD7-8053-4396-830B-3027BC74492B}.AppStore|ARM.ActiveCfg = AppStore|iPhone
		{00160CD7-8053-4396-830B-3027BC74492B}.AppStore|ARM.Build.0 = AppStore|iPhone
		{00160CD7-8053-4396-830B-3027BC74492B}.AppStore|ARM.Deploy.0 = AppStore|iPhone
		{00160CD7-8053-4396-830B-3027BC74492B}.AppStore|iPhone.ActiveCfg = AppStore|iPhone
		{00160CD7-8053-4396-830B-3027BC74492B}.AppStore|iPhone.Build.0 = AppStore|iPhone
		{00160CD7-8053-4396-830B-3027BC74492B}.AppStore|iPhone.Deploy.0 = AppStore|iPhone
		{00160CD7-8053-4396-830B-3027BC74492B}.AppStore|iPhoneSimulator.ActiveCfg = AppStore|iPhoneSimulator
		{00160CD7-8053-4396-830B-3027BC74492B}.AppStore|iPhoneSimulator.Build.0 = AppStore|iPhoneSimulator
		{00160CD7-8053-4396-830B-3027BC74492B}.AppStore|iPhoneSimulator.Deploy.0 = AppStore|iPhoneSimulator
		{00160CD7-8053-4396-830B-3027BC74492B}.AppStore|x64.ActiveCfg = AppStore|iPhone
		{00160CD7-8053-4396-830B-3027BC74492B}.AppStore|x64.Build.0 = AppStore|iPhone
		{00160CD7-8053-4396-830B-3027BC74492B}.AppStore|x64.Deploy.0 = AppStore|iPhone
		{00160CD7-8053-4396-830B-3027BC74492B}.AppStore|x86.ActiveCfg = AppStore|iPhone
		{00160CD7-8053-4396-830B-3027BC74492B}.AppStore|x86.Build.0 = AppStore|iPhone
		{00160CD7-8053-4396-830B-3027BC74492B}.AppStore|x86.Deploy.0 = AppStore|iPhone
		{00160CD7-8053-4396-830B-3027BC74492B}.Debug|Any CPU.ActiveCfg = Debug|iPhoneSimulator
		{00160CD7-8053-4396-830B-3027BC74492B}.Debug|Any CPU.Build.0 = Debug|iPhoneSimulator
		{00160CD7-8053-4396-830B-3027BC74492B}.Debug|Any CPU.Deploy.0 = Debug|iPhoneSimulator
		{00160CD7-8053-4396-830B-3027BC74492B}.Debug|ARM.ActiveCfg = Debug|iPhone
		{00160CD7-8053-4396-830B-3027BC74492B}.Debug|ARM.Build.0 = Debug|iPhone
		{00160CD7-8053-4396-830B-3027BC74492B}.Debug|ARM.Deploy.0 = Debug|iPhone
		{00160CD7-8053-4396-830B-3027BC74492B}.Debug|iPhone.ActiveCfg = Debug|iPhone
		{00160CD7-8053-4396-830B-3027BC74492B}.Debug|iPhone.Build.0 = Debug|iPhone
		{00160CD7-8053-4396-830B-3027BC74492B}.Debug|iPhone.Deploy.0 = Debug|iPhone
		{00160CD7-8053-4396-830B-3027BC74492B}.Debug|iPhoneSimulator.ActiveCfg = Debug|iPhoneSimulator
		{00160CD7-8053-4396-830B-3027BC74492B}.Debug|iPhoneSimulator.Build.0 = Debug|iPhoneSimulator
		{00160CD7-8053-4396-830B-3027BC74492B}.Debug|iPhoneSimulator.Deploy.0 = Debug|iPhoneSimulator
		{00160CD7-8053-4396-830B-3027BC74492B}.Debug|x64.ActiveCfg = Debug|iPhone
		{00160CD7-8053-4396-830B-3027BC74492B}.Debug|x64.Build.0 = Debug|iPhone
		{00160CD7-8053-4396-830B-3027BC74492B}.Debug|x64.Deploy.0 = Debug|iPhone
		{00160CD7-8053-4396-830B-3027BC74492B}.Debug|x86.ActiveCfg = Debug|iPhone
		{00160CD7-8053-4396-830B-3027BC74492B}.Debug|x86.Build.0 = Debug|iPhone
		{00160CD7-8053-4396-830B-3027BC74492B}.Debug|x86.Deploy.0 = Debug|iPhone
		{00160CD7-8053-4396-830B-3027BC74492B}.Release|Any CPU.ActiveCfg = Release|iPhone
		{00160CD7-8053-4396-830B-3027BC74492B}.Release|Any CPU.Build.0 = Release|iPhone
		{00160CD7-8053-4396-830B-3027BC74492B}.Release|Any CPU.Deploy.0 = Release|iPhone
		{00160CD7-8053-4396-830B-3027BC74492B}.Release|ARM.ActiveCfg = Release|iPhone
		{00160CD7-8053-4396-830B-3027BC74492B}.Release|ARM.Build.0 = Release|iPhone
		{00160CD7-8053-4396-830B-3027BC74492B}.Release|ARM.Deploy.0 = Release|iPhone
		{00160CD7-8053-4396-830B-3027BC74492B}.Release|iPhone.ActiveCfg = Release|iPhone
		{00160CD7-8053-4396-830B-3027BC74492B}.Release|iPhone.Build.0 = Release|iPhone
		{00160CD7-8053-4396-830B-3027BC74492B}.Release|iPhone.Deploy.0 = Release|iPhone
		{00160CD7-8053-4396-830B-3027BC74492B}.Release|iPhoneSimulator.ActiveCfg = Release|iPhoneSimulator
		{00160CD7-8053-4396-830B-3027BC74492B}.Release|iPhoneSimulator.Build.0 = Release|iPhoneSimulator
		{00160CD7-8053-4396-830B-3027BC74492B}.Release|iPhoneSimulator.Deploy.0 = Release|iPhoneSimulator
		{00160CD7-8053-4396-830B-3027BC74492B}.Release|x64.ActiveCfg = Release|iPhone
		{00160CD7-8053-4396-830B-3027BC74492B}.Release|x64.Build.0 = Release|iPhone
		{00160CD7-8053-4396-830B-3027BC74492B}.Release|x64.Deploy.0 = Release|iPhone
		{00160CD7-8053-4396-830B-3027BC74492B}.Release|x86.ActiveCfg = Release|iPhone
		{00160CD7-8053-4396-830B-3027BC74492B}.Release|x86.Build.0 = Release|iPhone
		{00160CD7-8053-4396-830B-3027BC74492B}.Release|x86.Deploy.0 = Release|iPhone
		{A3792935-FA86-4524-9B13-D3C22599FDB8}.Ad-Hoc|Any CPU.ActiveCfg = Release|x86
		{A3792935-FA86-4524-9B13-D3C22599FDB8}.Ad-Hoc|Any CPU.Build.0 = Release|x86
		{A3792935-FA86-4524-9B13-D3C22599FDB8}.Ad-Hoc|Any CPU.Deploy.0 = Release|x86
		{A3792935-FA86-4524-9B13-D3C22599FDB8}.Ad-Hoc|ARM.ActiveCfg = Release|ARM
		{A3792935-FA86-4524-9B13-D3C22599FDB8}.Ad-Hoc|ARM.Build.0 = Release|ARM
		{A3792935-FA86-4524-9B13-D3C22599FDB8}.Ad-Hoc|ARM.Deploy.0 = Release|ARM
		{A3792935-FA86-4524-9B13-D3C22599FDB8}.Ad-Hoc|iPhone.ActiveCfg = Release|x86
		{A3792935-FA86-4524-9B13-D3C22599FDB8}.Ad-Hoc|iPhone.Build.0 = Release|x86
		{A3792935-FA86-4524-9B13-D3C22599FDB8}.Ad-Hoc|iPhone.Deploy.0 = Release|x86
		{A3792935-FA86-4524-9B13-D3C22599FDB8}.Ad-Hoc|iPhoneSimulator.ActiveCfg = Release|x86
		{A3792935-FA86-4524-9B13-D3C22599FDB8}.Ad-Hoc|iPhoneSimulator.Build.0 = Release|x86
		{A3792935-FA86-4524-9B13-D3C22599FDB8}.Ad-Hoc|iPhoneSimulator.Deploy.0 = Release|x86
		{A3792935-FA86-4524-9B13-D3C22599FDB8}.Ad-Hoc|x64.ActiveCfg = Release|x64
		{A3792935-FA86-4524-9B13-D3C22599FDB8}.Ad-Hoc|x64.Build.0 = Release|x64
		{A3792935-FA86-4524-9B13-D3C22599FDB8}.Ad-Hoc|x64.Deploy.0 = Release|x64
		{A3792935-FA86-4524-9B13-D3C22599FDB8}.Ad-Hoc|x86.ActiveCfg = Release|x86
		{A3792935-FA86-4524-9B13-D3C22599FDB8}.Ad-Hoc|x86.Build.0 = Release|x86
		{A3792935-FA86-4524-9B13-D3C22599FDB8}.Ad-Hoc|x86.Deploy.0 = Release|x86
		{A3792935-FA86-4524-9B13-D3C22599FDB8}.AppStore|Any CPU.ActiveCfg = Release|x86
		{A3792935-FA86-4524-9B13-D3C22599FDB8}.AppStore|Any CPU.Build.0 = Release|x86
		{A3792935-FA86-4524-9B13-D3C22599FDB8}.AppStore|Any CPU.Deploy.0 = Release|x86
		{A3792935-FA86-4524-9B13-D3C22599FDB8}.AppStore|ARM.ActiveCfg = Release|ARM
		{A3792935-FA86-4524-9B13-D3C22599FDB8}.AppStore|ARM.Build.0 = Release|ARM
		{A3792935-FA86-4524-9B13-D3C22599FDB8}.AppStore|ARM.Deploy.0 = Release|ARM
		{A3792935-FA86-4524-9B13-D3C22599FDB8}.AppStore|iPhone.ActiveCfg = Release|x86
		{A3792935-FA86-4524-9B13-D3C22599FDB8}.AppStore|iPhone.Build.0 = Release|x86
		{A3792935-FA86-4524-9B13-D3C22599FDB8}.AppStore|iPhone.Deploy.0 = Release|x86
		{A3792935-FA86-4524-9B13-D3C22599FDB8}.AppStore|iPhoneSimulator.ActiveCfg = Release|x86
		{A3792935-FA86-4524-9B13-D3C22599FDB8}.AppStore|iPhoneSimulator.Build.0 = Release|x86
		{A3792935-FA86-4524-9B13-D3C22599FDB8}.AppStore|iPhoneSimulator.Deploy.0 = Release|x86
		{A3792935-FA86-4524-9B13-D3C22599FDB8}.AppStore|x64.ActiveCfg = Release|x64
		{A3792935-FA86-4524-9B13-D3C22599FDB8}.AppStore|x64.Build.0 = Release|x64
		{A3792935-FA86-4524-9B13-D3C22599FDB8}.AppStore|x64.Deploy.0 = Release|x64
		{A3792935-FA86-4524-9B13-D3C22599FDB8}.AppStore|x86.ActiveCfg = Release|x86
		{A3792935-FA86-4524-9B13-D3C22599FDB8}.AppStore|x86.Build.0 = Release|x86
		{A3792935-FA86-4524-9B13-D3C22599FDB8}.AppStore|x86.Deploy.0 = Release|x86
		{A3792935-FA86-4524-9B13-D3C22599FDB8}.Debug|Any CPU.ActiveCfg = Debug|x86
		{A3792935-FA86-4524-9B13-D3C22599FDB8}.Debug|Any CPU.Build.0 = Debug|x86
		{A3792935-FA86-4524-9B13-D3C22599FDB8}.Debug|Any CPU.Deploy.0 = Debug|x86
		{A3792935-FA86-4524-9B13-D3C22599FDB8}.Debug|ARM.ActiveCfg = Debug|ARM
		{A3792935-FA86-4524-9B13-D3C22599FDB8}.Debug|ARM.Build.0 = Debug|ARM
		{A3792935-FA86-4524-9B13-D3C22599FDB8}.Debug|ARM.Deploy.0 = Debug|ARM
		{A3792935-FA86-4524-9B13-D3C22599FDB8}.Debug|iPhone.ActiveCfg = Debug|x86
		{A3792935-FA86-4524-9B13-D3C22599FDB8}.Debug|iPhone.Build.0 = Debug|x86
		{A3792935-FA86-4524-9B13-D3C22599FDB8}.Debug|iPhone.Deploy.0 = Debug|x86
		{A3792935-FA86-4524-9B13-D3C22599FDB8}.Debug|iPhoneSimulator.ActiveCfg = Debug|x86
		{A3792935-FA86-4524-9B13-D3C22599FDB8}.Debug|iPhoneSimulator.Build.0 = Debug|x86
		{A3792935-FA86-4524-9B13-D3C22599FDB8}.Debug|iPhoneSimulator.Deploy.0 = Debug|x86
		{A3792935-FA86-4524-9B13-D3C22599FDB8}.Debug|x64.ActiveCfg = Debug|x64
		{A3792935-FA86-4524-9B13-D3C22599FDB8}.Debug|x64.Build.0 = Debug|x64
		{A3792935-FA86-4524-9B13-D3C22599FDB8}.Debug|x64.Deploy.0 = Debug|x64
		{A3792935-FA86-4524-9B13-D3C22599FDB8}.Debug|x86.ActiveCfg = Debug|x86
		{A3792935-FA86-4524-9B13-D3C22599FDB8}.Debug|x86.Build.0 = Debug|x86
		{A3792935-FA86-4524-9B13-D3C22599FDB8}.Debug|x86.Deploy.0 = Debug|x86
		{A3792935-FA86-4524-9B13-D3C22599FDB8}.Release|Any CPU.ActiveCfg = Release|x86
		{A3792935-FA86-4524-9B13-D3C22599FDB8}.Release|Any CPU.Build.0 = Release|x86
		{A3792935-FA86-4524-9B13-D3C22599FDB8}.Release|Any CPU.Deploy.0 = Release|x86
		{A3792935-FA86-4524-9B13-D3C22599FDB8}.Release|ARM.ActiveCfg = Release|ARM
		{A3792935-FA86-4524-9B13-D3C22599FDB8}.Release|ARM.Build.0 = Release|ARM
		{A3792935-FA86-4524-9B13-D3C22599FDB8}.Release|ARM.Deploy.0 = Release|ARM
		{A3792935-FA86-4524-9B13-D3C22599FDB8}.Release|iPhone.ActiveCfg = Release|x86
		{A3792935-FA86-4524-9B13-D3C22599FDB8}.Release|iPhone.Build.0 = Release|x86
		{A3792935-FA86-4524-9B13-D3C22599FDB8}.Release|iPhone.Deploy.0 = Release|x86
		{A3792935-FA86-4524-9B13-D3C22599FDB8}.Release|iPhoneSimulator.ActiveCfg = Release|x86
		{A3792935-FA86-4524-9B13-D3C22599FDB8}.Release|iPhoneSimulator.Build.0 = Release|x86
		{A3792935-FA86-4524-9B13-D3C22599FDB8}.Release|iPhoneSimulator.Deploy.0 = Release|x86
		{A3792935-FA86-4524-9B13-D3C22599FDB8}.Release|x64.ActiveCfg = Release|x64
		{A3792935-FA86-4524-9B13-D3C22599FDB8}.Release|x64.Build.0 = Release|x64
		{A3792935-FA86-4524-9B13-D3C22599FDB8}.Release|x64.Deploy.0 = Release|x64
		{A3792935-FA86-4524-9B13-D3C22599FDB8}.Release|x86.ActiveCfg = Release|x86
		{A3792935-FA86-4524-9B13-D3C22599FDB8}.Release|x86.Build.0 = Release|x86
		{A3792935-FA86-4524-9B13-D3C22599FDB8}.Release|x86.Deploy.0 = Release|x86
		{A57EBAB3-2802-4917-9402-4B433C3775E3}.Ad-Hoc|Any CPU.ActiveCfg = Debug|Any CPU
		{A57EBAB3-2802-4917-9402-4B433C3775E3}.Ad-Hoc|Any CPU.Build.0 = Debug|Any CPU
		{A57EBAB3-2802-4917-9402-4B433C3775E3}.Ad-Hoc|Any CPU.Deploy.0 = Debug|Any CPU
		{A57EBAB3-2802-4917-9402-4B433C3775E3}.Ad-Hoc|ARM.ActiveCfg = Debug|Any CPU
		{A57EBAB3-2802-4917-9402-4B433C3775E3}.Ad-Hoc|ARM.Build.0 = Debug|Any CPU
		{A57EBAB3-2802-4917-9402-4B433C3775E3}.Ad-Hoc|ARM.Deploy.0 = Debug|Any CPU
		{A57EBAB3-2802-4917-9402-4B433C3775E3}.Ad-Hoc|iPhone.ActiveCfg = Debug|Any CPU
		{A57EBAB3-2802-4917-9402-4B433C3775E3}.Ad-Hoc|iPhone.Build.0 = Debug|Any CPU
		{A57EBAB3-2802-4917-9402-4B433C3775E3}.Ad-Hoc|iPhone.Deploy.0 = Debug|Any CPU
		{A57EBAB3-2802-4917-9402-4B433C3775E3}.Ad-Hoc|iPhoneSimulator.ActiveCfg = Debug|Any CPU
		{A57EBAB3-2802-4917-9402-4B433C3775E3}.Ad-Hoc|iPhoneSimulator.Build.0 = Debug|Any CPU
		{A57EBAB3-2802-4917-9402-4B433C3775E3}.Ad-Hoc|iPhoneSimulator.Deploy.0 = Debug|Any CPU
		{A57EBAB3-2802-4917-9402-4B433C3775E3}.Ad-Hoc|x64.ActiveCfg = Debug|Any CPU
		{A57EBAB3-2802-4917-9402-4B433C3775E3}.Ad-Hoc|x64.Build.0 = Debug|Any CPU
		{A57EBAB3-2802-4917-9402-4B433C3775E3}.Ad-Hoc|x64.Deploy.0 = Debug|Any CPU
		{A57EBAB3-2802-4917-9402-4B433C3775E3}.Ad-Hoc|x86.ActiveCfg = Debug|Any CPU
		{A57EBAB3-2802-4917-9402-4B433C3775E3}.Ad-Hoc|x86.Build.0 = Debug|Any CPU
		{A57EBAB3-2802-4917-9402-4B433C3775E3}.Ad-Hoc|x86.Deploy.0 = Debug|Any CPU
		{A57EBAB3-2802-4917-9402-4B433C3775E3}.AppStore|Any CPU.ActiveCfg = Debug|Any CPU
		{A57EBAB3-2802-4917-9402-4B433C3775E3}.AppStore|Any CPU.Build.0 = Debug|Any CPU
		{A57EBAB3-2802-4917-9402-4B433C3775E3}.AppStore|Any CPU.Deploy.0 = Debug|Any CPU
		{A57EBAB3-2802-4917-9402-4B433C3775E3}.AppStore|ARM.ActiveCfg = Debug|Any CPU
		{A57EBAB3-2802-4917-9402-4B433C3775E3}.AppStore|ARM.Build.0 = Debug|Any CPU
		{A57EBAB3-2802-4917-9402-4B433C3775E3}.AppStore|ARM.Deploy.0 = Debug|Any CPU
		{A57EBAB3-2802-4917-9402-4B433C3775E3}.AppStore|iPhone.ActiveCfg = Debug|Any CPU
		{A57EBAB3-2802-4917-9402-4B433C3775E3}.AppStore|iPhone.Build.0 = Debug|Any CPU
		{A57EBAB3-2802-4917-9402-4B433C3775E3}.AppStore|iPhone.Deploy.0 = Debug|Any CPU
		{A57EBAB3-2802-4917-9402-4B433C3775E3}.AppStore|iPhoneSimulator.ActiveCfg = Debug|Any CPU
		{A57EBAB3-2802-4917-9402-4B433C3775E3}.AppStore|iPhoneSimulator.Build.0 = Debug|Any CPU
		{A57EBAB3-2802-4917-9402-4B433C3775E3}.AppStore|iPhoneSimulator.Deploy.0 = Debug|Any CPU
		{A57EBAB3-2802-4917-9402-4B433C3775E3}.AppStore|x64.ActiveCfg = Debug|Any CPU
		{A57EBAB3-2802-4917-9402-4B433C3775E3}.AppStore|x64.Build.0 = Debug|Any CPU
		{A57EBAB3-2802-4917-9402-4B433C3775E3}.AppStore|x64.Deploy.0 = Debug|Any CPU
		{A57EBAB3-2802-4917-9402-4B433C3775E3}.AppStore|x86.ActiveCfg = Debug|Any CPU
		{A57EBAB3-2802-4917-9402-4B433C3775E3}.AppStore|x86.Build.0 = Debug|Any CPU
		{A57EBAB3-2802-4917-9402-4B433C3775E3}.AppStore|x86.Deploy.0 = Debug|Any CPU
		{A57EBAB3-2802-4917-9402-4B433C3775E3}.Debug|Any CPU.ActiveCfg = Debug|Any CPU
		{A57EBAB3-2802-4917-9402-4B433C3775E3}.Debug|Any CPU.Build.0 = Debug|Any CPU
		{A57EBAB3-2802-4917-9402-4B433C3775E3}.Debug|Any CPU.Deploy.0 = Debug|Any CPU
		{A57EBAB3-2802-4917-9402-4B433C3775E3}.Debug|ARM.ActiveCfg = Debug|Any CPU
		{A57EBAB3-2802-4917-9402-4B433C3775E3}.Debug|ARM.Build.0 = Debug|Any CPU
		{A57EBAB3-2802-4917-9402-4B433C3775E3}.Debug|ARM.Deploy.0 = Debug|Any CPU
		{A57EBAB3-2802-4917-9402-4B433C3775E3}.Debug|iPhone.ActiveCfg = Debug|Any CPU
		{A57EBAB3-2802-4917-9402-4B433C3775E3}.Debug|iPhone.Build.0 = Debug|Any CPU
		{A57EBAB3-2802-4917-9402-4B433C3775E3}.Debug|iPhone.Deploy.0 = Debug|Any CPU
		{A57EBAB3-2802-4917-9402-4B433C3775E3}.Debug|iPhoneSimulator.ActiveCfg = Debug|Any CPU
		{A57EBAB3-2802-4917-9402-4B433C3775E3}.Debug|iPhoneSimulator.Build.0 = Debug|Any CPU
		{A57EBAB3-2802-4917-9402-4B433C3775E3}.Debug|iPhoneSimulator.Deploy.0 = Debug|Any CPU
		{A57EBAB3-2802-4917-9402-4B433C3775E3}.Debug|x64.ActiveCfg = Debug|Any CPU
		{A57EBAB3-2802-4917-9402-4B433C3775E3}.Debug|x64.Build.0 = Debug|Any CPU
		{A57EBAB3-2802-4917-9402-4B433C3775E3}.Debug|x64.Deploy.0 = Debug|Any CPU
		{A57EBAB3-2802-4917-9402-4B433C3775E3}.Debug|x86.ActiveCfg = Debug|Any CPU
		{A57EBAB3-2802-4917-9402-4B433C3775E3}.Debug|x86.Build.0 = Debug|Any CPU
		{A57EBAB3-2802-4917-9402-4B433C3775E3}.Debug|x86.Deploy.0 = Debug|Any CPU
		{A57EBAB3-2802-4917-9402-4B433C3775E3}.Release|Any CPU.ActiveCfg = Release|Any CPU
		{A57EBAB3-2802-4917-9402-4B433C3775E3}.Release|Any CPU.Build.0 = Release|Any CPU
		{A57EBAB3-2802-4917-9402-4B433C3775E3}.Release|Any CPU.Deploy.0 = Release|Any CPU
		{A57EBAB3-2802-4917-9402-4B433C3775E3}.Release|ARM.ActiveCfg = Release|Any CPU
		{A57EBAB3-2802-4917-9402-4B433C3775E3}.Release|ARM.Build.0 = Release|Any CPU
		{A57EBAB3-2802-4917-9402-4B433C3775E3}.Release|ARM.Deploy.0 = Release|Any CPU
		{A57EBAB3-2802-4917-9402-4B433C3775E3}.Release|iPhone.ActiveCfg = Release|Any CPU
		{A57EBAB3-2802-4917-9402-4B433C3775E3}.Release|iPhone.Build.0 = Release|Any CPU
		{A57EBAB3-2802-4917-9402-4B433C3775E3}.Release|iPhone.Deploy.0 = Release|Any CPU
		{A57EBAB3-2802-4917-9402-4B433C3775E3}.Release|iPhoneSimulator.ActiveCfg = Release|Any CPU
		{A57EBAB3-2802-4917-9402-4B433C3775E3}.Release|iPhoneSimulator.Build.0 = Release|Any CPU
		{A57EBAB3-2802-4917-9402-4B433C3775E3}.Release|iPhoneSimulator.Deploy.0 = Release|Any CPU
		{A57EBAB3-2802-4917-9402-4B433C3775E3}.Release|x64.ActiveCfg = Release|Any CPU
		{A57EBAB3-2802-4917-9402-4B433C3775E3}.Release|x64.Build.0 = Release|Any CPU
		{A57EBAB3-2802-4917-9402-4B433C3775E3}.Release|x64.Deploy.0 = Release|Any CPU
		{A57EBAB3-2802-4917-9402-4B433C3775E3}.Release|x86.ActiveCfg = Release|Any CPU
		{A57EBAB3-2802-4917-9402-4B433C3775E3}.Release|x86.Build.0 = Release|Any CPU
		{A57EBAB3-2802-4917-9402-4B433C3775E3}.Release|x86.Deploy.0 = Release|Any CPU
	EndGlobalSection
	GlobalSection(SolutionProperties) = preSolution
		HideSolutionNode = FALSE
	EndGlobalSection
	GlobalSection(ExtensibilityGlobals) = postSolution
		SolutionGuid = {172AFCB3-233F-4A60-B22C-5BB851F5D21C}
	EndGlobalSection
EndGlobal
